// !$*UTF8*$!
{
	archiveVersion = 1;
	classes = {
	};
	objectVersion = 50;
	objects = {

/* Begin PBXBuildFile section */
		E31795D624272A7900E66A02 /* NewsListService.swift in Sources */ = {isa = PBXBuildFile; fileRef = E31795D524272A7900E66A02 /* NewsListService.swift */; };
		E31795D924272B2500E66A02 /* NewsArticle.swift in Sources */ = {isa = PBXBuildFile; fileRef = E31795D824272B2500E66A02 /* NewsArticle.swift */; };
		E31795DC24273ADC00E66A02 /* NewsError.swift in Sources */ = {isa = PBXBuildFile; fileRef = E31795DB24273ADC00E66A02 /* NewsError.swift */; };
		E31795DE2427A73800E66A02 /* ImageDownloader.swift in Sources */ = {isa = PBXBuildFile; fileRef = E31795DD2427A73800E66A02 /* ImageDownloader.swift */; };
		E31795E62429776C00E66A02 /* NewsDetailViewController.swift in Sources */ = {isa = PBXBuildFile; fileRef = E31795E52429776C00E66A02 /* NewsDetailViewController.swift */; };
		E31795E92429781600E66A02 /* NewsDetailViewController.storyboard in Resources */ = {isa = PBXBuildFile; fileRef = E31795E82429781600E66A02 /* NewsDetailViewController.storyboard */; };
		E31795EC2429791000E66A02 /* NewsDetailService.swift in Sources */ = {isa = PBXBuildFile; fileRef = E31795EB2429791000E66A02 /* NewsDetailService.swift */; };
		E31795EE24297AA300E66A02 /* NewsDetailTableViewCell.swift in Sources */ = {isa = PBXBuildFile; fileRef = E31795ED24297AA300E66A02 /* NewsDetailTableViewCell.swift */; };
		E31795F22429AE5100E66A02 /* UIViewController+Extension.swift in Sources */ = {isa = PBXBuildFile; fileRef = E31795F12429AE5100E66A02 /* UIViewController+Extension.swift */; };
		E32E044C2429B49400523167 /* UITableView+Extension.swift in Sources */ = {isa = PBXBuildFile; fileRef = E32E044B2429B49400523167 /* UITableView+Extension.swift */; };
		E3F9A598242591F900C626B5 /* AppDelegate.swift in Sources */ = {isa = PBXBuildFile; fileRef = E3F9A597242591F900C626B5 /* AppDelegate.swift */; };
		E3F9A59A242591F900C626B5 /* SceneDelegate.swift in Sources */ = {isa = PBXBuildFile; fileRef = E3F9A599242591F900C626B5 /* SceneDelegate.swift */; };
		E3F9A59C242591F900C626B5 /* NewsListViewController.swift in Sources */ = {isa = PBXBuildFile; fileRef = E3F9A59B242591F900C626B5 /* NewsListViewController.swift */; };
		E3F9A59F242591F900C626B5 /* Main.storyboard in Resources */ = {isa = PBXBuildFile; fileRef = E3F9A59D242591F900C626B5 /* Main.storyboard */; };
		E3F9A5A1242591FB00C626B5 /* Assets.xcassets in Resources */ = {isa = PBXBuildFile; fileRef = E3F9A5A0242591FB00C626B5 /* Assets.xcassets */; };
		E3F9A5A4242591FB00C626B5 /* LaunchScreen.storyboard in Resources */ = {isa = PBXBuildFile; fileRef = E3F9A5A2242591FB00C626B5 /* LaunchScreen.storyboard */; };
		E3F9A5B02425988500C626B5 /* ImageTitleTableViewCell.swift in Sources */ = {isa = PBXBuildFile; fileRef = E3F9A5AF2425988500C626B5 /* ImageTitleTableViewCell.swift */; };
		E3F9A5B5242700A200C626B5 /* NetworkManager.swift in Sources */ = {isa = PBXBuildFile; fileRef = E3F9A5B4242700A200C626B5 /* NetworkManager.swift */; };
		E3F9A5B7242700D700C626B5 /* Request.swift in Sources */ = {isa = PBXBuildFile; fileRef = E3F9A5B6242700D700C626B5 /* Request.swift */; };
/* End PBXBuildFile section */

/* Begin PBXFileReference section */
		E31795D524272A7900E66A02 /* NewsListService.swift */ = {isa = PBXFileReference; lastKnownFileType = sourcecode.swift; path = NewsListService.swift; sourceTree = "<group>"; };
		E31795D824272B2500E66A02 /* NewsArticle.swift */ = {isa = PBXFileReference; lastKnownFileType = sourcecode.swift; path = NewsArticle.swift; sourceTree = "<group>"; };
		E31795DB24273ADC00E66A02 /* NewsError.swift */ = {isa = PBXFileReference; lastKnownFileType = sourcecode.swift; path = NewsError.swift; sourceTree = "<group>"; };
		E31795DD2427A73800E66A02 /* ImageDownloader.swift */ = {isa = PBXFileReference; lastKnownFileType = sourcecode.swift; path = ImageDownloader.swift; sourceTree = "<group>"; };
		E31795E52429776C00E66A02 /* NewsDetailViewController.swift */ = {isa = PBXFileReference; lastKnownFileType = sourcecode.swift; path = NewsDetailViewController.swift; sourceTree = "<group>"; };
		E31795E82429781600E66A02 /* NewsDetailViewController.storyboard */ = {isa = PBXFileReference; lastKnownFileType = file.storyboard; path = NewsDetailViewController.storyboard; sourceTree = "<group>"; };
		E31795EB2429791000E66A02 /* NewsDetailService.swift */ = {isa = PBXFileReference; lastKnownFileType = sourcecode.swift; path = NewsDetailService.swift; sourceTree = "<group>"; };
		E31795ED24297AA300E66A02 /* NewsDetailTableViewCell.swift */ = {isa = PBXFileReference; lastKnownFileType = sourcecode.swift; path = NewsDetailTableViewCell.swift; sourceTree = "<group>"; };
		E31795F12429AE5100E66A02 /* UIViewController+Extension.swift */ = {isa = PBXFileReference; lastKnownFileType = sourcecode.swift; path = "UIViewController+Extension.swift"; sourceTree = "<group>"; };
		E32E044B2429B49400523167 /* UITableView+Extension.swift */ = {isa = PBXFileReference; lastKnownFileType = sourcecode.swift; path = "UITableView+Extension.swift"; sourceTree = "<group>"; };
		E3F9A594242591F900C626B5 /* SwiftNews.app */ = {isa = PBXFileReference; explicitFileType = wrapper.application; includeInIndex = 0; path = SwiftNews.app; sourceTree = BUILT_PRODUCTS_DIR; };
		E3F9A597242591F900C626B5 /* AppDelegate.swift */ = {isa = PBXFileReference; lastKnownFileType = sourcecode.swift; path = AppDelegate.swift; sourceTree = "<group>"; };
		E3F9A599242591F900C626B5 /* SceneDelegate.swift */ = {isa = PBXFileReference; lastKnownFileType = sourcecode.swift; path = SceneDelegate.swift; sourceTree = "<group>"; };
		E3F9A59B242591F900C626B5 /* NewsListViewController.swift */ = {isa = PBXFileReference; lastKnownFileType = sourcecode.swift; path = NewsListViewController.swift; sourceTree = "<group>"; };
		E3F9A59E242591F900C626B5 /* Base */ = {isa = PBXFileReference; lastKnownFileType = file.storyboard; name = Base; path = Base.lproj/Main.storyboard; sourceTree = "<group>"; };
		E3F9A5A0242591FB00C626B5 /* Assets.xcassets */ = {isa = PBXFileReference; lastKnownFileType = folder.assetcatalog; path = Assets.xcassets; sourceTree = "<group>"; };
		E3F9A5A3242591FB00C626B5 /* Base */ = {isa = PBXFileReference; lastKnownFileType = file.storyboard; name = Base; path = Base.lproj/LaunchScreen.storyboard; sourceTree = "<group>"; };
		E3F9A5A5242591FB00C626B5 /* Info.plist */ = {isa = PBXFileReference; lastKnownFileType = text.plist.xml; path = Info.plist; sourceTree = "<group>"; };
		E3F9A5AF2425988500C626B5 /* ImageTitleTableViewCell.swift */ = {isa = PBXFileReference; lastKnownFileType = sourcecode.swift; path = ImageTitleTableViewCell.swift; sourceTree = "<group>"; };
		E3F9A5B4242700A200C626B5 /* NetworkManager.swift */ = {isa = PBXFileReference; lastKnownFileType = sourcecode.swift; path = NetworkManager.swift; sourceTree = "<group>"; };
		E3F9A5B6242700D700C626B5 /* Request.swift */ = {isa = PBXFileReference; lastKnownFileType = sourcecode.swift; path = Request.swift; sourceTree = "<group>"; };
/* End PBXFileReference section */

/* Begin PBXFrameworksBuildPhase section */
		E3F9A591242591F900C626B5 /* Frameworks */ = {
			isa = PBXFrameworksBuildPhase;
			buildActionMask = 2147483647;
			files = (
			);
			runOnlyForDeploymentPostprocessing = 0;
		};
/* End PBXFrameworksBuildPhase section */

/* Begin PBXGroup section */
		A2A370F0EE140B78AFF74C2E /* Pods */ = {
			isa = PBXGroup;
			children = (
			);
			path = Pods;
			sourceTree = "<group>";
		};
		E31795D12427288F00E66A02 /* AppDelegate */ = {
			isa = PBXGroup;
			children = (
				E3F9A597242591F900C626B5 /* AppDelegate.swift */,
				E3F9A599242591F900C626B5 /* SceneDelegate.swift */,
			);
			name = AppDelegate;
			sourceTree = "<group>";
		};
		E31795D2242728A400E66A02 /* Resources */ = {
			isa = PBXGroup;
			children = (
				E3F9A5A0242591FB00C626B5 /* Assets.xcassets */,
				E3F9A5A2242591FB00C626B5 /* LaunchScreen.storyboard */,
				E3F9A5A5242591FB00C626B5 /* Info.plist */,
			);
			name = Resources;
			path = SwiftNews;
			sourceTree = "<group>";
		};
		E31795D324272A5100E66A02 /* ViewController */ = {
			isa = PBXGroup;
			children = (
				E3F9A59B242591F900C626B5 /* NewsListViewController.swift */,
				E3F9A59D242591F900C626B5 /* Main.storyboard */,
			);
			name = ViewController;
			sourceTree = "<group>";
		};
		E31795D424272A6800E66A02 /* Service */ = {
			isa = PBXGroup;
			children = (
				E31795D524272A7900E66A02 /* NewsListService.swift */,
			);
			name = Service;
			sourceTree = "<group>";
		};
		E31795D724272B0D00E66A02 /* Model */ = {
			isa = PBXGroup;
			children = (
				E31795D824272B2500E66A02 /* NewsArticle.swift */,
			);
			name = Model;
			sourceTree = "<group>";
		};
		E31795DA24273ACA00E66A02 /* Constant */ = {
			isa = PBXGroup;
			children = (
				E31795DB24273ADC00E66A02 /* NewsError.swift */,
			);
			name = Constant;
			sourceTree = "<group>";
		};
		E31795E324288E2C00E66A02 /* Detail */ = {
			isa = PBXGroup;
			children = (
				E31795EF24297AB000E66A02 /* Cell */,
				E31795EA2429790000E66A02 /* Service */,
				E31795E72429778D00E66A02 /* ViewController */,
			);
			name = Detail;
			sourceTree = "<group>";
		};
		E31795E4242919FF00E66A02 /* List */ = {
			isa = PBXGroup;
			children = (
				E3F9A5AC2425986D00C626B5 /* Cell */,
				E31795D424272A6800E66A02 /* Service */,
				E31795D324272A5100E66A02 /* ViewController */,
			);
			name = List;
			sourceTree = "<group>";
		};
		E31795E72429778D00E66A02 /* ViewController */ = {
			isa = PBXGroup;
			children = (
				E31795E52429776C00E66A02 /* NewsDetailViewController.swift */,
				E31795E82429781600E66A02 /* NewsDetailViewController.storyboard */,
			);
			name = ViewController;
			sourceTree = "<group>";
		};
		E31795EA2429790000E66A02 /* Service */ = {
			isa = PBXGroup;
			children = (
				E31795EB2429791000E66A02 /* NewsDetailService.swift */,
			);
			name = Service;
			sourceTree = "<group>";
		};
		E31795EF24297AB000E66A02 /* Cell */ = {
			isa = PBXGroup;
			children = (
				E31795ED24297AA300E66A02 /* NewsDetailTableViewCell.swift */,
			);
			name = Cell;
			sourceTree = "<group>";
		};
		E31795F02429AE3D00E66A02 /* Extensions */ = {
			isa = PBXGroup;
			children = (
				E31795F12429AE5100E66A02 /* UIViewController+Extension.swift */,
				E32E044B2429B49400523167 /* UITableView+Extension.swift */,
			);
			name = Extensions;
			sourceTree = "<group>";
		};
		E31795F32429AFC600E66A02 /* Feature */ = {
			isa = PBXGroup;
			children = (
				E3F9A5AB2425984D00C626B5 /* News */,
			);
			name = Feature;
			sourceTree = "<group>";
		};
		E3F9A58B242591F900C626B5 = {
			isa = PBXGroup;
			children = (
				E3F9A596242591F900C626B5 /* SwiftNews */,
				E3F9A595242591F900C626B5 /* Products */,
				E31795D2242728A400E66A02 /* Resources */,
				A2A370F0EE140B78AFF74C2E /* Pods */,
			);
			sourceTree = "<group>";
		};
		E3F9A595242591F900C626B5 /* Products */ = {
			isa = PBXGroup;
			children = (
				E3F9A594242591F900C626B5 /* SwiftNews.app */,
			);
			name = Products;
			sourceTree = "<group>";
		};
		E3F9A596242591F900C626B5 /* SwiftNews */ = {
			isa = PBXGroup;
			children = (
				E31795F32429AFC600E66A02 /* Feature */,
				E31795F02429AE3D00E66A02 /* Extensions */,
				E31795DA24273ACA00E66A02 /* Constant */,
				E31795D12427288F00E66A02 /* AppDelegate */,
				E3F9A5B32427009300C626B5 /* Network */,
				E31795D724272B0D00E66A02 /* Model */,
			);
			path = SwiftNews;
			sourceTree = "<group>";
		};
		E3F9A5AB2425984D00C626B5 /* News */ = {
			isa = PBXGroup;
			children = (
				E31795E4242919FF00E66A02 /* List */,
				E31795E324288E2C00E66A02 /* Detail */,
			);
			name = News;
			sourceTree = "<group>";
		};
		E3F9A5AC2425986D00C626B5 /* Cell */ = {
			isa = PBXGroup;
			children = (
				E3F9A5AF2425988500C626B5 /* ImageTitleTableViewCell.swift */,
			);
			name = Cell;
			sourceTree = "<group>";
		};
		E3F9A5B32427009300C626B5 /* Network */ = {
			isa = PBXGroup;
			children = (
				E3F9A5B4242700A200C626B5 /* NetworkManager.swift */,
				E3F9A5B6242700D700C626B5 /* Request.swift */,
				E31795DD2427A73800E66A02 /* ImageDownloader.swift */,
			);
			name = Network;
			sourceTree = "<group>";
		};
/* End PBXGroup section */

/* Begin PBXNativeTarget section */
		E3F9A593242591F900C626B5 /* SwiftNews */ = {
			isa = PBXNativeTarget;
			buildConfigurationList = E3F9A5A8242591FB00C626B5 /* Build configuration list for PBXNativeTarget "SwiftNews" */;
			buildPhases = (
				E3F9A590242591F900C626B5 /* Sources */,
				E3F9A591242591F900C626B5 /* Frameworks */,
				E3F9A592242591F900C626B5 /* Resources */,
			);
			buildRules = (
			);
			dependencies = (
			);
			name = SwiftNews;
			productName = SwiftNews;
			productReference = E3F9A594242591F900C626B5 /* SwiftNews.app */;
			productType = "com.apple.product-type.application";
		};
/* End PBXNativeTarget section */

/* Begin PBXProject section */
		E3F9A58C242591F900C626B5 /* Project object */ = {
			isa = PBXProject;
			attributes = {
				LastSwiftUpdateCheck = 1120;
				LastUpgradeCheck = 1120;
				ORGANIZATIONNAME = Mark;
				TargetAttributes = {
					E3F9A593242591F900C626B5 = {
						CreatedOnToolsVersion = 11.2.1;
					};
				};
			};
			buildConfigurationList = E3F9A58F242591F900C626B5 /* Build configuration list for PBXProject "SwiftNews" */;
			compatibilityVersion = "Xcode 9.3";
			developmentRegion = en;
			hasScannedForEncodings = 0;
			knownRegions = (
				en,
				Base,
			);
			mainGroup = E3F9A58B242591F900C626B5;
			productRefGroup = E3F9A595242591F900C626B5 /* Products */;
			projectDirPath = "";
			projectRoot = "";
			targets = (
				E3F9A593242591F900C626B5 /* SwiftNews */,
			);
		};
/* End PBXProject section */

/* Begin PBXResourcesBuildPhase section */
		E3F9A592242591F900C626B5 /* Resources */ = {
			isa = PBXResourcesBuildPhase;
			buildActionMask = 2147483647;
			files = (
				E3F9A5A4242591FB00C626B5 /* LaunchScreen.storyboard in Resources */,
				E31795E92429781600E66A02 /* NewsDetailViewController.storyboard in Resources */,
				E3F9A5A1242591FB00C626B5 /* Assets.xcassets in Resources */,
				E3F9A59F242591F900C626B5 /* Main.storyboard in Resources */,
			);
			runOnlyForDeploymentPostprocessing = 0;
		};
/* End PBXResourcesBuildPhase section */

/* Begin PBXSourcesBuildPhase section */
		E3F9A590242591F900C626B5 /* Sources */ = {
			isa = PBXSourcesBuildPhase;
			buildActionMask = 2147483647;
			files = (
				E3F9A59C242591F900C626B5 /* NewsListViewController.swift in Sources */,
				E32E044C2429B49400523167 /* UITableView+Extension.swift in Sources */,
				E31795EE24297AA300E66A02 /* NewsDetailTableViewCell.swift in Sources */,
				E31795DC24273ADC00E66A02 /* NewsError.swift in Sources */,
				E3F9A5B7242700D700C626B5 /* Request.swift in Sources */,
				E31795F22429AE5100E66A02 /* UIViewController+Extension.swift in Sources */,
				E31795EC2429791000E66A02 /* NewsDetailService.swift in Sources */,
				E3F9A598242591F900C626B5 /* AppDelegate.swift in Sources */,
				E3F9A5B5242700A200C626B5 /* NetworkManager.swift in Sources */,
				E31795D924272B2500E66A02 /* NewsArticle.swift in Sources */,
				E31795E62429776C00E66A02 /* NewsDetailViewController.swift in Sources */,
				E31795DE2427A73800E66A02 /* ImageDownloader.swift in Sources */,
				E31795D624272A7900E66A02 /* NewsListService.swift in Sources */,
				E3F9A59A242591F900C626B5 /* SceneDelegate.swift in Sources */,
				E3F9A5B02425988500C626B5 /* ImageTitleTableViewCell.swift in Sources */,
			);
			runOnlyForDeploymentPostprocessing = 0;
		};
/* End PBXSourcesBuildPhase section */

/* Begin PBXVariantGroup section */
		E3F9A59D242591F900C626B5 /* Main.storyboard */ = {
			isa = PBXVariantGroup;
			children = (
				E3F9A59E242591F900C626B5 /* Base */,
			);
			name = Main.storyboard;
			sourceTree = "<group>";
		};
		E3F9A5A2242591FB00C626B5 /* LaunchScreen.storyboard */ = {
			isa = PBXVariantGroup;
			children = (
				E3F9A5A3242591FB00C626B5 /* Base */,
			);
			name = LaunchScreen.storyboard;
			sourceTree = "<group>";
		};
/* End PBXVariantGroup section */

/* Begin XCBuildConfiguration section */
		E3F9A5A6242591FB00C626B5 /* Debug */ = {
			isa = XCBuildConfiguration;
			buildSettings = {
				ALWAYS_SEARCH_USER_PATHS = NO;
				CLANG_ANALYZER_NONNULL = YES;
				CLANG_ANALYZER_NUMBER_OBJECT_CONVERSION = YES_AGGRESSIVE;
				CLANG_CXX_LANGUAGE_STANDARD = "gnu++14";
				CLANG_CXX_LIBRARY = "libc++";
				CLANG_ENABLE_MODULES = YES;
				CLANG_ENABLE_OBJC_ARC = YES;
				CLANG_ENABLE_OBJC_WEAK = YES;
				CLANG_WARN_BLOCK_CAPTURE_AUTORELEASING = YES;
				CLANG_WARN_BOOL_CONVERSION = YES;
				CLANG_WARN_COMMA = YES;
				CLANG_WARN_CONSTANT_CONVERSION = YES;
				CLANG_WARN_DEPRECATED_OBJC_IMPLEMENTATIONS = YES;
				CLANG_WARN_DIRECT_OBJC_ISA_USAGE = YES_ERROR;
				CLANG_WARN_DOCUMENTATION_COMMENTS = YES;
				CLANG_WARN_EMPTY_BODY = YES;
				CLANG_WARN_ENUM_CONVERSION = YES;
				CLANG_WARN_INFINITE_RECURSION = YES;
				CLANG_WARN_INT_CONVERSION = YES;
				CLANG_WARN_NON_LITERAL_NULL_CONVERSION = YES;
				CLANG_WARN_OBJC_IMPLICIT_RETAIN_SELF = YES;
				CLANG_WARN_OBJC_LITERAL_CONVERSION = YES;
				CLANG_WARN_OBJC_ROOT_CLASS = YES_ERROR;
				CLANG_WARN_RANGE_LOOP_ANALYSIS = YES;
				CLANG_WARN_STRICT_PROTOTYPES = YES;
				CLANG_WARN_SUSPICIOUS_MOVE = YES;
				CLANG_WARN_UNGUARDED_AVAILABILITY = YES_AGGRESSIVE;
				CLANG_WARN_UNREACHABLE_CODE = YES;
				CLANG_WARN__DUPLICATE_METHOD_MATCH = YES;
				COPY_PHASE_STRIP = NO;
				DEBUG_INFORMATION_FORMAT = dwarf;
				ENABLE_STRICT_OBJC_MSGSEND = YES;
				ENABLE_TESTABILITY = YES;
				GCC_C_LANGUAGE_STANDARD = gnu11;
				GCC_DYNAMIC_NO_PIC = NO;
				GCC_NO_COMMON_BLOCKS = YES;
				GCC_OPTIMIZATION_LEVEL = 0;
				GCC_PREPROCESSOR_DEFINITIONS = (
					"DEBUG=1",
					"$(inherited)",
				);
				GCC_WARN_64_TO_32_BIT_CONVERSION = YES;
				GCC_WARN_ABOUT_RETURN_TYPE = YES_ERROR;
				GCC_WARN_UNDECLARED_SELECTOR = YES;
				GCC_WARN_UNINITIALIZED_AUTOS = YES_AGGRESSIVE;
				GCC_WARN_UNUSED_FUNCTION = YES;
				GCC_WARN_UNUSED_VARIABLE = YES;
				IPHONEOS_DEPLOYMENT_TARGET = 13.2;
				MTL_ENABLE_DEBUG_INFO = INCLUDE_SOURCE;
				MTL_FAST_MATH = YES;
				ONLY_ACTIVE_ARCH = YES;
				SDKROOT = iphoneos;
				SWIFT_ACTIVE_COMPILATION_CONDITIONS = DEBUG;
				SWIFT_OPTIMIZATION_LEVEL = "-Onone";
			};
			name = Debug;
		};
		E3F9A5A7242591FB00C626B5 /* Release */ = {
			isa = XCBuildConfiguration;
			buildSettings = {
				ALWAYS_SEARCH_USER_PATHS = NO;
				CLANG_ANALYZER_NONNULL = YES;
				CLANG_ANALYZER_NUMBER_OBJECT_CONVERSION = YES_AGGRESSIVE;
				CLANG_CXX_LANGUAGE_STANDARD = "gnu++14";
				CLANG_CXX_LIBRARY = "libc++";
				CLANG_ENABLE_MODULES = YES;
				CLANG_ENABLE_OBJC_ARC = YES;
				CLANG_ENABLE_OBJC_WEAK = YES;
				CLANG_WARN_BLOCK_CAPTURE_AUTORELEASING = YES;
				CLANG_WARN_BOOL_CONVERSION = YES;
				CLANG_WARN_COMMA = YES;
				CLANG_WARN_CONSTANT_CONVERSION = YES;
				CLANG_WARN_DEPRECATED_OBJC_IMPLEMENTATIONS = YES;
				CLANG_WARN_DIRECT_OBJC_ISA_USAGE = YES_ERROR;
				CLANG_WARN_DOCUMENTATION_COMMENTS = YES;
				CLANG_WARN_EMPTY_BODY = YES;
				CLANG_WARN_ENUM_CONVERSION = YES;
				CLANG_WARN_INFINITE_RECURSION = YES;
				CLANG_WARN_INT_CONVERSION = YES;
				CLANG_WARN_NON_LITERAL_NULL_CONVERSION = YES;
				CLANG_WARN_OBJC_IMPLICIT_RETAIN_SELF = YES;
				CLANG_WARN_OBJC_LITERAL_CONVERSION = YES;
				CLANG_WARN_OBJC_ROOT_CLASS = YES_ERROR;
				CLANG_WARN_RANGE_LOOP_ANALYSIS = YES;
				CLANG_WARN_STRICT_PROTOTYPES = YES;
				CLANG_WARN_SUSPICIOUS_MOVE = YES;
				CLANG_WARN_UNGUARDED_AVAILABILITY = YES_AGGRESSIVE;
				CLANG_WARN_UNREACHABLE_CODE = YES;
				CLANG_WARN__DUPLICATE_METHOD_MATCH = YES;
				COPY_PHASE_STRIP = NO;
				DEBUG_INFORMATION_FORMAT = "dwarf-with-dsym";
				ENABLE_NS_ASSERTIONS = NO;
				ENABLE_STRICT_OBJC_MSGSEND = YES;
				GCC_C_LANGUAGE_STANDARD = gnu11;
				GCC_NO_COMMON_BLOCKS = YES;
				GCC_WARN_64_TO_32_BIT_CONVERSION = YES;
				GCC_WARN_ABOUT_RETURN_TYPE = YES_ERROR;
				GCC_WARN_UNDECLARED_SELECTOR = YES;
				GCC_WARN_UNINITIALIZED_AUTOS = YES_AGGRESSIVE;
				GCC_WARN_UNUSED_FUNCTION = YES;
				GCC_WARN_UNUSED_VARIABLE = YES;
				IPHONEOS_DEPLOYMENT_TARGET = 13.2;
				MTL_ENABLE_DEBUG_INFO = NO;
				MTL_FAST_MATH = YES;
				SDKROOT = iphoneos;
				SWIFT_COMPILATION_MODE = wholemodule;
				SWIFT_OPTIMIZATION_LEVEL = "-O";
				VALIDATE_PRODUCT = YES;
			};
			name = Release;
		};
		E3F9A5A9242591FB00C626B5 /* Debug */ = {
			isa = XCBuildConfiguration;
			buildSettings = {
				ASSETCATALOG_COMPILER_APPICON_NAME = AppIcon;
				CODE_SIGN_STYLE = Automatic;
				DEVELOPMENT_TEAM = S8U236347A;
				INFOPLIST_FILE = SwiftNews/Info.plist;
				IPHONEOS_DEPLOYMENT_TARGET = 12.0;
				LD_RUNPATH_SEARCH_PATHS = (
					"$(inherited)",
					"@executable_path/Frameworks",
				);
				PRODUCT_BUNDLE_IDENTIFIER = mark.SwiftNews;
				PRODUCT_NAME = "$(TARGET_NAME)";
				SWIFT_VERSION = 5.0;
				TARGETED_DEVICE_FAMILY = "1,2";
			};
			name = Debug;
		};
		E3F9A5AA242591FB00C626B5 /* Release */ = {
			isa = XCBuildConfiguration;
			buildSettings = {
				ASSETCATALOG_COMPILER_APPICON_NAME = AppIcon;
				CODE_SIGN_STYLE = Automatic;
				DEVELOPMENT_TEAM = S8U236347A;
				INFOPLIST_FILE = SwiftNews/Info.plist;
				IPHONEOS_DEPLOYMENT_TARGET = 12.0;
				LD_RUNPATH_SEARCH_PATHS = (
					"$(inherited)",
					"@executable_path/Frameworks",
				);
				PRODUCT_BUNDLE_IDENTIFIER = mark.SwiftNews;
				PRODUCT_NAME = "$(TARGET_NAME)";
				SWIFT_VERSION = 5.0;
				TARGETED_DEVICE_FAMILY = "1,2";
			};
			name = Release;
		};
/* End XCBuildConfiguration section */

/* Begin XCConfigurationList section */
		E3F9A58F242591F900C626B5 /* Build configuration list for PBXProject "SwiftNews" */ = {
			isa = XCConfigurationList;
			buildConfigurations = (
				E3F9A5A6242591FB00C626B5 /* Debug */,
				E3F9A5A7242591FB00C626B5 /* Release */,
			);
			defaultConfigurationIsVisible = 0;
			defaultConfigurationName = Release;
		};
		E3F9A5A8242591FB00C626B5 /* Build configuration list for PBXNativeTarget "SwiftNews" */ = {
			isa = XCConfigurationList;
			buildConfigurations = (
				E3F9A5A9242591FB00C626B5 /* Debug */,
				E3F9A5AA242591FB00C626B5 /* Release */,
			);
			defaultConfigurationIsVisible = 0;
			defaultConfigurationName = Release;
		};
/* End XCConfigurationList section */
	};
	rootObject = E3F9A58C242591F900C626B5 /* Project object */;
}
